
Microsoft Visual Studio Solution File, Format Version 12.00
# Visual Studio Version 17
VisualStudioVersion = 17.14.36221.1 d17.14
MinimumVisualStudioVersion = 10.0.40219.1
Project("{FAE04EC0-301F-11D3-BF4B-00C04F79EFBC}") = "FocusApp", "FocusApp\FocusApp.csproj", "{E6ED49A9-013F-4B0E-A134-695D8C5851A7}"
EndProject
Global
	GlobalSection(SolutionConfigurationPlatforms) = preSolution
		Debug|Any CPU = Debug|Any CPU
		Release|Any CPU = Release|Any CPU
	EndGlobalSection
	GlobalSection(ProjectConfigurationPlatforms) = postSolution
		{E6ED49A9-013F-4B0E-A134-695D8C5851A7}.Debug|Any CPU.ActiveCfg = Debug|Any CPU
		{E6ED49A9-013F-4B0E-A134-695D8C5851A7}.Debug|Any CPU.Build.0 = Debug|Any CPU
		{E6ED49A9-013F-4B0E-A134-695D8C5851A7}.Release|Any CPU.ActiveCfg = Release|Any CPU
		{E6ED49A9-013F-4B0E-A134-695D8C5851A7}.Release|Any CPU.Build.0 = Release|Any CPU
	EndGlobalSection
	GlobalSection(SolutionProperties) = preSolution
		HideSolutionNode = FALSE
	EndGlobalSection
	GlobalSection(ExtensibilityGlobals) = postSolution
		SolutionGuid = {CB6617A8-9B2A-4B0F-8E1E-8DDE362CD3F6}
	EndGlobalSection
EndGlobal
